<?xml version="1.0" encoding="utf-8"?>
<Project ToolsVersion="4.0" xmlns="http://schemas.microsoft.com/developer/msbuild/2003">
  <ItemGroup>
    <Filter Include="Source Files">
      <UniqueIdentifier>{4FC737F1-C7A5-4376-A066-2A32D752A2FF}</UniqueIdentifier>
      <Extensions>cpp;c;cc;cxx;c++;cppm;ixx;def;odl;idl;hpj;bat;asm;asmx</Extensions>
    </Filter>
    <Filter Include="Header Files">
      <UniqueIdentifier>{93995380-89BD-4b04-88EB-625FBE52EBFB}</UniqueIdentifier>
      <Extensions>h;hh;hpp;hxx;h++;hm;inl;inc;ipp;xsd</Extensions>
    </Filter>
    <Filter Include="Resource Files">
      <UniqueIdentifier>{67DA6AB6-F800-4c08-8B7A-83BB121AAD01}</UniqueIdentifier>
      <Extensions>rc;ico;cur;bmp;dlg;rc2;rct;bin;rgs;gif;jpg;jpeg;jpe;resx;tiff;tif;png;wav;mfcribbon-ms</Extensions>
    </Filter>
  </ItemGroup>
  <ItemGroup>
    <ResourceCompile Include="src\resource\autocal_rc.rc">
      <Filter>Resource Files</Filter>
    </ResourceCompile>
  </ItemGroup>
  <ItemGroup>
    <Image Include="small.ico">
      <Filter>Resource Files</Filter>
    </Image>
    <Image Include="autocal_rc.ico">
      <Filter>Resource Files</Filter>
    </Image>
  </ItemGroup>
  <ItemGroup>
    <ClCompile Include="src\devices\arduino.cpp">
      <Filter>Source Files</Filter>
    </ClCompile>
    <ClCompile Include="src\devices\bk_precision_9801.cpp">
      <Filter>Source Files</Filter>
    </ClCompile>
    <ClCompile Include="src\devices\ftdi.cpp">
      <Filter>Source Files</Filter>
    </ClCompile>
    <ClCompile Include="src\devices\keithley.cpp">
      <Filter>Source Files</Filter>
    </ClCompile>
    <ClCompile Include="src\devices\rigol_DG1000Z.cpp">
      <Filter>Source Files</Filter>
    </ClCompile>
    <ClCompile Include="src\autocal_rc.cpp">
      <Filter>Source Files</Filter>
    </ClCompile>
    <ClCompile Include="src\trip4.cpp">
      <Filter>Source Files</Filter>
    </ClCompile>
    <ClCompile Include="src\util\db.cpp">
      <Filter>Source Files</Filter>
    </ClCompile>
    <ClCompile Include="src\util\ld.cpp">
      <Filter>Source Files</Filter>
    </ClCompile>
    <ClCompile Include="src\tests\production_test.cpp">
      <Filter>Source Files</Filter>
    </ClCompile>
    <ClCompile Include="src\tests\production_short_test_rc.cpp">
      <Filter>Source Files</Filter>
    </ClCompile>
    <ClCompile Include="src\calibrate_rc.cpp">
      <Filter>Source Files</Filter>
    </ClCompile>
    <ClCompile Include="src\tests\gf_trip_test_rc.cpp">
      <Filter>Source Files</Filter>
    </ClCompile>
    <ClCompile Include="src\tests\inst_trip_test_rc.cpp">
      <Filter>Source Files</Filter>
    </ClCompile>
    <ClCompile Include="src\tests\lt_trip_test_rc.cpp">
      <Filter>Source Files</Filter>
    </ClCompile>
    <ClCompile Include="src\tests\rc_multi_point_test.cpp">
      <Filter>Source Files</Filter>
    </ClCompile>
    <ClCompile Include="src\tests\st_trip_test_rc.cpp">
      <Filter>Source Files</Filter>
    </ClCompile>
    <ClCompile Include="src\util\settings.cpp">
      <Filter>Source Files</Filter>
    </ClCompile>
    <ClCompile Include="src\util\urc_protocol.cpp">
      <Filter>Source Files</Filter>
    </ClCompile>
    <ClCompile Include="src\util\util.cpp">
      <Filter>Source Files</Filter>
    </ClCompile>
    <ClCompile Include="src\util\win32_api_comm.cpp">
      <Filter>Source Files</Filter>
    </ClCompile>
  </ItemGroup>
  <ItemGroup>
    <ClInclude Include="src\devices\arduino.hpp">
      <Filter>Source Files</Filter>
    </ClInclude>
    <ClInclude Include="src\devices\bk_precision_9801.hpp">
      <Filter>Source Files</Filter>
    </ClInclude>
    <ClInclude Include="src\devices\ftdi.hpp">
      <Filter>Source Files</Filter>
    </ClInclude>
    <ClInclude Include="src\devices\keithley.hpp">
      <Filter>Source Files</Filter>
    </ClInclude>
    <ClInclude Include="src\devices\rigol_DG1000Z.hpp">
      <Filter>Source Files</Filter>
    </ClInclude>
    <ClInclude Include="src\ftdi\ftd2xx.h">
      <Filter>Source Files</Filter>
    </ClInclude>
    <ClInclude Include="src\resource\resource.h">
      <Filter>Source Files</Filter>
    </ClInclude>
    <ClInclude Include="src\autocal_rc.hpp">
      <Filter>Source Files</Filter>
    </ClInclude>
    <ClInclude Include="src\globals.h">
      <Filter>Source Files</Filter>
    </ClInclude>
    <ClInclude Include="src\misc_defines.hpp">
      <Filter>Source Files</Filter>
    </ClInclude>
    <ClInclude Include="src\trip4.hpp">
      <Filter>Source Files</Filter>
    </ClInclude>
    <ClInclude Include="src\util\db.hpp">
      <Filter>Header Files</Filter>
    </ClInclude>
    <ClInclude Include="src\util\ld.hpp">
      <Filter>Header Files</Filter>
    </ClInclude>
    <ClInclude Include="src\tests\production_test.hpp">
      <Filter>Header Files</Filter>
    </ClInclude>
    <ClInclude Include="src\tests\production_short_test_rc.hpp">
      <Filter>Header Files</Filter>
    </ClInclude>
    <ClInclude Include="src\calibrate_rc.hpp">
      <Filter>Header Files</Filter>
    </ClInclude>
    <ClInclude Include="src\tests\gf_trip_test_rc.hpp">
      <Filter>Header Files</Filter>
    </ClInclude>
    <ClInclude Include="src\tests\inst_trip_test_rc.hpp">
      <Filter>Header Files</Filter>
    </ClInclude>
    <ClInclude Include="src\tests\lt_trip_test_rc.hpp">
      <Filter>Header Files</Filter>
    </ClInclude>
    <ClInclude Include="src\tests\rc_multi_point_test.hpp">
      <Filter>Header Files</Filter>
    </ClInclude>
    <ClInclude Include="src\tests\st_trip_test_rc.hpp">
      <Filter>Header Files</Filter>
    </ClInclude>
    <ClInclude Include="src\util\settings.hpp">
      <Filter>Header Files</Filter>
    </ClInclude>
    <ClInclude Include="src\util\urc_protocol.hpp">
      <Filter>Header Files</Filter>
    </ClInclude>
    <ClInclude Include="src\util\util.hpp">
      <Filter>Header Files</Filter>
    </ClInclude>
    <ClInclude Include="src\util\win32_api_comm.hpp">
      <Filter>Header Files</Filter>
    </ClInclude>
  </ItemGroup>
  <ItemGroup>
    <Text Include="src\resistors.txt">
      <Filter>Source Files</Filter>
    </Text>
  </ItemGroup>
</Project>